
Microsoft Visual Studio Solution File, Format Version 12.00
# Visual Studio Version 16
VisualStudioVersion = 16.0.30621.155
MinimumVisualStudioVersion = 10.0.40219.1
Project("{FAE04EC0-301F-11D3-BF4B-00C04F79EFBC}") = "proje", "proje\proje.csproj", "{6084439A-95D1-42A3-9303-4077B60E87F0}"
EndProject
Global
	GlobalSection(SolutionConfigurationPlatforms) = preSolution
		Debug|Any CPU = Debug|Any CPU
		Release|Any CPU = Release|Any CPU
	EndGlobalSection
	GlobalSection(ProjectConfigurationPlatforms) = postSolution
		{6084439A-95D1-42A3-9303-4077B60E87F0}.Debug|Any CPU.ActiveCfg = Debug|Any CPU
		{6084439A-95D1-42A3-9303-4077B60E87F0}.Debug|Any CPU.Build.0 = Debug|Any CPU
		{6084439A-95D1-42A3-9303-4077B60E87F0}.Release|Any CPU.ActiveCfg = Release|Any CPU
		{6084439A-95D1-42A3-9303-4077B60E87F0}.Release|Any CPU.Build.0 = Release|Any CPU
	EndGlobalSection
	GlobalSection(SolutionProperties) = preSolution
		HideSolutionNode = FALSE
	EndGlobalSection
	GlobalSection(ExtensibilityGlobals) = postSolution
		SolutionGuid = {D800ED24-4699-44A7-B551-9E6D6A03BB13}
	EndGlobalSection
EndGlobal
